
Microsoft Visual Studio Solution File, Format Version 12.00
# Visual Studio Version 17
VisualStudioVersion = 17.9.34607.119
MinimumVisualStudioVersion = 10.0.40219.1
Project("{2150E333-8FDC-42A3-9474-1A3956D46DE8}") = "src", "src", "{43DA429F-3376-4238-B766-9A90849F5E55}"
EndProject
Project("{2150E333-8FDC-42A3-9474-1A3956D46DE8}") = "LotteryManager.Data", "LotteryManager.Data", "{3D42C2F5-9080-42DF-831F-EA09FB57949B}"
EndProject
Project("{2150E333-8FDC-42A3-9474-1A3956D46DE8}") = "LotteryManager.Domain", "LotteryManager.Domain", "{52D581D1-7A08-40A1-883E-4A9AE2D977B8}"
EndProject
Project("{2150E333-8FDC-42A3-9474-1A3956D46DE8}") = "LotteryManager.WebApi", "LotteryManager.WebApi", "{2FA9AB53-4AC2-4639-BFDF-2DFCC568EAEB}"
EndProject
Project("{2150E333-8FDC-42A3-9474-1A3956D46DE8}") = "API", "API", "{F22AB402-29C9-4EAB-B68E-141413DDE79B}"
EndProject
Project("{9A19103F-16F7-4668-BE54-9A1E7A4F7556}") = "LotteryManger.Domain", "LotteryManger.Domain\LotteryManger.Domain.csproj", "{B7F6D73F-7170-427F-A177-B5CADD4789C7}"
EndProject
Project("{9A19103F-16F7-4668-BE54-9A1E7A4F7556}") = "LotteryManager.WebApi", "LotteryManager.WebApi\LotteryManager.WebApi.csproj", "{1FFF53FE-240C-4C74-9801-77A81C7BBC6B}"
EndProject
Project("{2150E333-8FDC-42A3-9474-1A3956D46DE8}") = "LotteryManager.Business", "LotteryManager.Business", "{3087AD0F-A3AA-483D-91EA-1641BEF30144}"
EndProject
Project("{9A19103F-16F7-4668-BE54-9A1E7A4F7556}") = "LotteryManager.Business", "LotteryManager.Business\LotteryManager.Business.csproj", "{C3B92204-312E-4CDA-85D8-C56EED09CFB1}"
EndProject
Project("{9A19103F-16F7-4668-BE54-9A1E7A4F7556}") = "LotteryManager.Data", "LotteryManager.Data\LotteryManager.Data.csproj", "{ED6B9CC0-60FF-4706-8776-EA11210D829A}"
EndProject
Project("{2150E333-8FDC-42A3-9474-1A3956D46DE8}") = "Database", "Database", "{1D713BA3-39FC-4B4D-A7C9-DC05931357A1}"
EndProject
Project("{00D1A9C2-B5F0-4AF3-8072-F6C62B433612}") = "LotteryManager.Database", "LotteryManager.Database\LotteryManager.Database.sqlproj", "{45B21681-16A7-4036-B23A-C0952C76B42F}"
EndProject
Global
	GlobalSection(SolutionConfigurationPlatforms) = preSolution
		Debug|Any CPU = Debug|Any CPU
		Release|Any CPU = Release|Any CPU
	EndGlobalSection
	GlobalSection(ProjectConfigurationPlatforms) = postSolution
		{B7F6D73F-7170-427F-A177-B5CADD4789C7}.Debug|Any CPU.ActiveCfg = Debug|Any CPU
		{B7F6D73F-7170-427F-A177-B5CADD4789C7}.Debug|Any CPU.Build.0 = Debug|Any CPU
		{B7F6D73F-7170-427F-A177-B5CADD4789C7}.Release|Any CPU.ActiveCfg = Release|Any CPU
		{B7F6D73F-7170-427F-A177-B5CADD4789C7}.Release|Any CPU.Build.0 = Release|Any CPU
		{1FFF53FE-240C-4C74-9801-77A81C7BBC6B}.Debug|Any CPU.ActiveCfg = Debug|Any CPU
		{1FFF53FE-240C-4C74-9801-77A81C7BBC6B}.Debug|Any CPU.Build.0 = Debug|Any CPU
		{1FFF53FE-240C-4C74-9801-77A81C7BBC6B}.Release|Any CPU.ActiveCfg = Release|Any CPU
		{1FFF53FE-240C-4C74-9801-77A81C7BBC6B}.Release|Any CPU.Build.0 = Release|Any CPU
		{C3B92204-312E-4CDA-85D8-C56EED09CFB1}.Debug|Any CPU.ActiveCfg = Debug|Any CPU
		{C3B92204-312E-4CDA-85D8-C56EED09CFB1}.Debug|Any CPU.Build.0 = Debug|Any CPU
		{C3B92204-312E-4CDA-85D8-C56EED09CFB1}.Release|Any CPU.ActiveCfg = Release|Any CPU
		{C3B92204-312E-4CDA-85D8-C56EED09CFB1}.Release|Any CPU.Build.0 = Release|Any CPU
		{ED6B9CC0-60FF-4706-8776-EA11210D829A}.Debug|Any CPU.ActiveCfg = Debug|Any CPU
		{ED6B9CC0-60FF-4706-8776-EA11210D829A}.Debug|Any CPU.Build.0 = Debug|Any CPU
		{ED6B9CC0-60FF-4706-8776-EA11210D829A}.Release|Any CPU.ActiveCfg = Release|Any CPU
		{ED6B9CC0-60FF-4706-8776-EA11210D829A}.Release|Any CPU.Build.0 = Release|Any CPU
		{45B21681-16A7-4036-B23A-C0952C76B42F}.Debug|Any CPU.ActiveCfg = Debug|Any CPU
		{45B21681-16A7-4036-B23A-C0952C76B42F}.Debug|Any CPU.Build.0 = Debug|Any CPU
		{45B21681-16A7-4036-B23A-C0952C76B42F}.Debug|Any CPU.Deploy.0 = Debug|Any CPU
		{45B21681-16A7-4036-B23A-C0952C76B42F}.Release|Any CPU.ActiveCfg = Release|Any CPU
		{45B21681-16A7-4036-B23A-C0952C76B42F}.Release|Any CPU.Build.0 = Release|Any CPU
		{45B21681-16A7-4036-B23A-C0952C76B42F}.Release|Any CPU.Deploy.0 = Release|Any CPU
	EndGlobalSection
	GlobalSection(SolutionProperties) = preSolution
		HideSolutionNode = FALSE
	EndGlobalSection
	GlobalSection(NestedProjects) = preSolution
		{3D42C2F5-9080-42DF-831F-EA09FB57949B} = {F22AB402-29C9-4EAB-B68E-141413DDE79B}
		{52D581D1-7A08-40A1-883E-4A9AE2D977B8} = {F22AB402-29C9-4EAB-B68E-141413DDE79B}
		{2FA9AB53-4AC2-4639-BFDF-2DFCC568EAEB} = {F22AB402-29C9-4EAB-B68E-141413DDE79B}
		{F22AB402-29C9-4EAB-B68E-141413DDE79B} = {43DA429F-3376-4238-B766-9A90849F5E55}
		{B7F6D73F-7170-427F-A177-B5CADD4789C7} = {52D581D1-7A08-40A1-883E-4A9AE2D977B8}
		{1FFF53FE-240C-4C74-9801-77A81C7BBC6B} = {2FA9AB53-4AC2-4639-BFDF-2DFCC568EAEB}
		{3087AD0F-A3AA-483D-91EA-1641BEF30144} = {F22AB402-29C9-4EAB-B68E-141413DDE79B}
		{C3B92204-312E-4CDA-85D8-C56EED09CFB1} = {3087AD0F-A3AA-483D-91EA-1641BEF30144}
		{ED6B9CC0-60FF-4706-8776-EA11210D829A} = {3D42C2F5-9080-42DF-831F-EA09FB57949B}
		{1D713BA3-39FC-4B4D-A7C9-DC05931357A1} = {43DA429F-3376-4238-B766-9A90849F5E55}
		{45B21681-16A7-4036-B23A-C0952C76B42F} = {1D713BA3-39FC-4B4D-A7C9-DC05931357A1}
	EndGlobalSection
	GlobalSection(ExtensibilityGlobals) = postSolution
		SolutionGuid = {E83343D1-DAB9-455D-B7A4-C8E0B1229D07}
	EndGlobalSection
EndGlobal
